
Microsoft Visual Studio Solution File, Format Version 12.00
# Visual Studio Version 18
VisualStudioVersion = 18.0.11018.127
MinimumVisualStudioVersion = 10.0.40219.1
Project("{2150E333-8FDC-42A3-9474-1A3956D46DE8}") = "Solution Items", "Solution Items", "{8EC462FD-D22E-90A8-E5CE-7E832BA40C5D}"
	ProjectSection(SolutionItems) = preProject
		.editorconfig = .editorconfig
		.gitignore = .gitignore
		coverlet.runsettings = coverlet.runsettings
		Directory.Build.props = Directory.Build.props
		Directory.Packages.props = Directory.Packages.props
		global.json = global.json
		LICENSE = LICENSE
		nuget.config = nuget.config
		version.json = version.json
		xunit.runner.json = xunit.runner.json
	EndProjectSection
EndProject
Project("{2150E333-8FDC-42A3-9474-1A3956D46DE8}") = "src", "src", "{827E0CD3-B72D-47B6-A68D-7590B98EB39B}"
EndProject
Project("{FAE04EC0-301F-11D3-BF4B-00C04F79EFBC}") = "FractalDataWorks.MCP.Abstractions", "src\FractalDataWorks.MCP.Abstractions\FractalDataWorks.MCP.Abstractions.csproj", "{E93CA02C-B289-4DA3-8B41-E6EB1080C206}"
EndProject
Project("{FAE04EC0-301F-11D3-BF4B-00C04F79EFBC}") = "FractalDataWorks.McpTools.Abstractions", "src\FractalDataWorks.McpTools.Abstractions\FractalDataWorks.McpTools.Abstractions.csproj", "{716C254E-831B-4D4C-8D6A-2F5F82D14ECB}"
EndProject
Project("{FAE04EC0-301F-11D3-BF4B-00C04F79EFBC}") = "FractalDataWorks.McpTools.CodeAnalysis", "src\FractalDataWorks.McpTools.CodeAnalysis\FractalDataWorks.McpTools.CodeAnalysis.csproj", "{7C94B5F8-AD3D-468C-90A3-D11D5855E1CE}"
EndProject
Project("{FAE04EC0-301F-11D3-BF4B-00C04F79EFBC}") = "FractalDataWorks.McpTools.ProjectDependencies", "src\FractalDataWorks.McpTools.ProjectDependencies\FractalDataWorks.McpTools.ProjectDependencies.csproj", "{9EA7C0CC-5A90-4B81-A600-6113A3A9A256}"
EndProject
Project("{FAE04EC0-301F-11D3-BF4B-00C04F79EFBC}") = "FractalDataWorks.McpTools.Refactoring", "src\FractalDataWorks.McpTools.Refactoring\FractalDataWorks.McpTools.Refactoring.csproj", "{6DD733AD-9F8B-4984-89B3-7624E2E88B80}"
EndProject
Project("{FAE04EC0-301F-11D3-BF4B-00C04F79EFBC}") = "FractalDataWorks.McpTools.ServerManagement", "src\FractalDataWorks.McpTools.ServerManagement\FractalDataWorks.McpTools.ServerManagement.csproj", "{A177AE79-38DC-415E-8EF9-C0CD918B5E13}"
EndProject
Project("{FAE04EC0-301F-11D3-BF4B-00C04F79EFBC}") = "FractalDataWorks.McpTools.SessionManagement", "src\FractalDataWorks.McpTools.SessionManagement\FractalDataWorks.McpTools.SessionManagement.csproj", "{541E33A8-956F-4651-A628-707F2A59E106}"
EndProject
Project("{FAE04EC0-301F-11D3-BF4B-00C04F79EFBC}") = "FractalDataWorks.McpTools.TypeAnalysis", "src\FractalDataWorks.McpTools.TypeAnalysis\FractalDataWorks.McpTools.TypeAnalysis.csproj", "{A81E9EF1-9C8B-4959-A11E-43291A77F039}"
EndProject
Project("{FAE04EC0-301F-11D3-BF4B-00C04F79EFBC}") = "FractalDataWorks.McpTools.VirtualEditing", "src\FractalDataWorks.McpTools.VirtualEditing\FractalDataWorks.McpTools.VirtualEditing.csproj", "{2DB9497D-F402-4079-B485-7872B7F9E93B}"
EndProject
Global
	GlobalSection(SolutionConfigurationPlatforms) = preSolution
		Alpha|Any CPU = Alpha|Any CPU
		Alpha|x64 = Alpha|x64
		Alpha|x86 = Alpha|x86
		Beta|Any CPU = Beta|Any CPU
		Beta|x64 = Beta|x64
		Beta|x86 = Beta|x86
		Debug|Any CPU = Debug|Any CPU
		Debug|x64 = Debug|x64
		Debug|x86 = Debug|x86
		Experimental|Any CPU = Experimental|Any CPU
		Experimental|x64 = Experimental|x64
		Experimental|x86 = Experimental|x86
		Preview|Any CPU = Preview|Any CPU
		Preview|x64 = Preview|x64
		Preview|x86 = Preview|x86
		Release|Any CPU = Release|Any CPU
		Release|x64 = Release|x64
		Release|x86 = Release|x86
		Test|Any CPU = Test|Any CPU
		Test|x64 = Test|x64
		Test|x86 = Test|x86
	EndGlobalSection
	GlobalSection(ProjectConfigurationPlatforms) = postSolution
		{E93CA02C-B289-4DA3-8B41-E6EB1080C206}.Alpha|Any CPU.ActiveCfg = Alpha|Any CPU
		{E93CA02C-B289-4DA3-8B41-E6EB1080C206}.Alpha|Any CPU.Build.0 = Alpha|Any CPU
		{E93CA02C-B289-4DA3-8B41-E6EB1080C206}.Alpha|x64.ActiveCfg = Alpha|Any CPU
		{E93CA02C-B289-4DA3-8B41-E6EB1080C206}.Alpha|x64.Build.0 = Alpha|Any CPU
		{E93CA02C-B289-4DA3-8B41-E6EB1080C206}.Alpha|x86.ActiveCfg = Alpha|Any CPU
		{E93CA02C-B289-4DA3-8B41-E6EB1080C206}.Alpha|x86.Build.0 = Alpha|Any CPU
		{E93CA02C-B289-4DA3-8B41-E6EB1080C206}.Beta|Any CPU.ActiveCfg = Beta|Any CPU
		{E93CA02C-B289-4DA3-8B41-E6EB1080C206}.Beta|Any CPU.Build.0 = Beta|Any CPU
		{E93CA02C-B289-4DA3-8B41-E6EB1080C206}.Beta|x64.ActiveCfg = Beta|Any CPU
		{E93CA02C-B289-4DA3-8B41-E6EB1080C206}.Beta|x64.Build.0 = Beta|Any CPU
		{E93CA02C-B289-4DA3-8B41-E6EB1080C206}.Beta|x86.ActiveCfg = Beta|Any CPU
		{E93CA02C-B289-4DA3-8B41-E6EB1080C206}.Beta|x86.Build.0 = Beta|Any CPU
		{E93CA02C-B289-4DA3-8B41-E6EB1080C206}.Debug|Any CPU.ActiveCfg = Debug|Any CPU
		{E93CA02C-B289-4DA3-8B41-E6EB1080C206}.Debug|Any CPU.Build.0 = Debug|Any CPU
		{E93CA02C-B289-4DA3-8B41-E6EB1080C206}.Debug|x64.ActiveCfg = Debug|Any CPU
		{E93CA02C-B289-4DA3-8B41-E6EB1080C206}.Debug|x64.Build.0 = Debug|Any CPU
		{E93CA02C-B289-4DA3-8B41-E6EB1080C206}.Debug|x86.ActiveCfg = Debug|Any CPU
		{E93CA02C-B289-4DA3-8B41-E6EB1080C206}.Debug|x86.Build.0 = Debug|Any CPU
		{E93CA02C-B289-4DA3-8B41-E6EB1080C206}.Experimental|Any CPU.ActiveCfg = Experimental|Any CPU
		{E93CA02C-B289-4DA3-8B41-E6EB1080C206}.Experimental|Any CPU.Build.0 = Experimental|Any CPU
		{E93CA02C-B289-4DA3-8B41-E6EB1080C206}.Experimental|x64.ActiveCfg = Experimental|Any CPU
		{E93CA02C-B289-4DA3-8B41-E6EB1080C206}.Experimental|x64.Build.0 = Experimental|Any CPU
		{E93CA02C-B289-4DA3-8B41-E6EB1080C206}.Experimental|x86.ActiveCfg = Experimental|Any CPU
		{E93CA02C-B289-4DA3-8B41-E6EB1080C206}.Experimental|x86.Build.0 = Experimental|Any CPU
		{E93CA02C-B289-4DA3-8B41-E6EB1080C206}.Preview|Any CPU.ActiveCfg = Preview|Any CPU
		{E93CA02C-B289-4DA3-8B41-E6EB1080C206}.Preview|Any CPU.Build.0 = Preview|Any CPU
		{E93CA02C-B289-4DA3-8B41-E6EB1080C206}.Preview|x64.ActiveCfg = Preview|Any CPU
		{E93CA02C-B289-4DA3-8B41-E6EB1080C206}.Preview|x64.Build.0 = Preview|Any CPU
		{E93CA02C-B289-4DA3-8B41-E6EB1080C206}.Preview|x86.ActiveCfg = Preview|Any CPU
		{E93CA02C-B289-4DA3-8B41-E6EB1080C206}.Preview|x86.Build.0 = Preview|Any CPU
		{E93CA02C-B289-4DA3-8B41-E6EB1080C206}.Release|Any CPU.ActiveCfg = Release|Any CPU
		{E93CA02C-B289-4DA3-8B41-E6EB1080C206}.Release|Any CPU.Build.0 = Release|Any CPU
		{E93CA02C-B289-4DA3-8B41-E6EB1080C206}.Release|x64.ActiveCfg = Release|Any CPU
		{E93CA02C-B289-4DA3-8B41-E6EB1080C206}.Release|x64.Build.0 = Release|Any CPU
		{E93CA02C-B289-4DA3-8B41-E6EB1080C206}.Release|x86.ActiveCfg = Release|Any CPU
		{E93CA02C-B289-4DA3-8B41-E6EB1080C206}.Release|x86.Build.0 = Release|Any CPU
		{E93CA02C-B289-4DA3-8B41-E6EB1080C206}.Test|Any CPU.ActiveCfg = Test|Any CPU
		{E93CA02C-B289-4DA3-8B41-E6EB1080C206}.Test|Any CPU.Build.0 = Test|Any CPU
		{E93CA02C-B289-4DA3-8B41-E6EB1080C206}.Test|x64.ActiveCfg = Test|Any CPU
		{E93CA02C-B289-4DA3-8B41-E6EB1080C206}.Test|x64.Build.0 = Test|Any CPU
		{E93CA02C-B289-4DA3-8B41-E6EB1080C206}.Test|x86.ActiveCfg = Test|Any CPU
		{E93CA02C-B289-4DA3-8B41-E6EB1080C206}.Test|x86.Build.0 = Test|Any CPU
		{716C254E-831B-4D4C-8D6A-2F5F82D14ECB}.Alpha|Any CPU.ActiveCfg = Alpha|Any CPU
		{716C254E-831B-4D4C-8D6A-2F5F82D14ECB}.Alpha|Any CPU.Build.0 = Alpha|Any CPU
		{716C254E-831B-4D4C-8D6A-2F5F82D14ECB}.Alpha|x64.ActiveCfg = Alpha|Any CPU
		{716C254E-831B-4D4C-8D6A-2F5F82D14ECB}.Alpha|x64.Build.0 = Alpha|Any CPU
		{716C254E-831B-4D4C-8D6A-2F5F82D14ECB}.Alpha|x86.ActiveCfg = Alpha|Any CPU
		{716C254E-831B-4D4C-8D6A-2F5F82D14ECB}.Alpha|x86.Build.0 = Alpha|Any CPU
		{716C254E-831B-4D4C-8D6A-2F5F82D14ECB}.Beta|Any CPU.ActiveCfg = Beta|Any CPU
		{716C254E-831B-4D4C-8D6A-2F5F82D14ECB}.Beta|Any CPU.Build.0 = Beta|Any CPU
		{716C254E-831B-4D4C-8D6A-2F5F82D14ECB}.Beta|x64.ActiveCfg = Beta|Any CPU
		{716C254E-831B-4D4C-8D6A-2F5F82D14ECB}.Beta|x64.Build.0 = Beta|Any CPU
		{716C254E-831B-4D4C-8D6A-2F5F82D14ECB}.Beta|x86.ActiveCfg = Beta|Any CPU
		{716C254E-831B-4D4C-8D6A-2F5F82D14ECB}.Beta|x86.Build.0 = Beta|Any CPU
		{716C254E-831B-4D4C-8D6A-2F5F82D14ECB}.Debug|Any CPU.ActiveCfg = Debug|Any CPU
		{716C254E-831B-4D4C-8D6A-2F5F82D14ECB}.Debug|Any CPU.Build.0 = Debug|Any CPU
		{716C254E-831B-4D4C-8D6A-2F5F82D14ECB}.Debug|x64.ActiveCfg = Debug|Any CPU
		{716C254E-831B-4D4C-8D6A-2F5F82D14ECB}.Debug|x64.Build.0 = Debug|Any CPU
		{716C254E-831B-4D4C-8D6A-2F5F82D14ECB}.Debug|x86.ActiveCfg = Debug|Any CPU
		{716C254E-831B-4D4C-8D6A-2F5F82D14ECB}.Debug|x86.Build.0 = Debug|Any CPU
		{716C254E-831B-4D4C-8D6A-2F5F82D14ECB}.Experimental|Any CPU.ActiveCfg = Experimental|Any CPU
		{716C254E-831B-4D4C-8D6A-2F5F82D14ECB}.Experimental|Any CPU.Build.0 = Experimental|Any CPU
		{716C254E-831B-4D4C-8D6A-2F5F82D14ECB}.Experimental|x64.ActiveCfg = Experimental|Any CPU
		{716C254E-831B-4D4C-8D6A-2F5F82D14ECB}.Experimental|x64.Build.0 = Experimental|Any CPU
		{716C254E-831B-4D4C-8D6A-2F5F82D14ECB}.Experimental|x86.ActiveCfg = Experimental|Any CPU
		{716C254E-831B-4D4C-8D6A-2F5F82D14ECB}.Experimental|x86.Build.0 = Experimental|Any CPU
		{716C254E-831B-4D4C-8D6A-2F5F82D14ECB}.Preview|Any CPU.ActiveCfg = Preview|Any CPU
		{716C254E-831B-4D4C-8D6A-2F5F82D14ECB}.Preview|Any CPU.Build.0 = Preview|Any CPU
		{716C254E-831B-4D4C-8D6A-2F5F82D14ECB}.Preview|x64.ActiveCfg = Preview|Any CPU
		{716C254E-831B-4D4C-8D6A-2F5F82D14ECB}.Preview|x64.Build.0 = Preview|Any CPU
		{716C254E-831B-4D4C-8D6A-2F5F82D14ECB}.Preview|x86.ActiveCfg = Preview|Any CPU
		{716C254E-831B-4D4C-8D6A-2F5F82D14ECB}.Preview|x86.Build.0 = Preview|Any CPU
		{716C254E-831B-4D4C-8D6A-2F5F82D14ECB}.Release|Any CPU.ActiveCfg = Release|Any CPU
		{716C254E-831B-4D4C-8D6A-2F5F82D14ECB}.Release|Any CPU.Build.0 = Release|Any CPU
		{716C254E-831B-4D4C-8D6A-2F5F82D14ECB}.Release|x64.ActiveCfg = Release|Any CPU
		{716C254E-831B-4D4C-8D6A-2F5F82D14ECB}.Release|x64.Build.0 = Release|Any CPU
		{716C254E-831B-4D4C-8D6A-2F5F82D14ECB}.Release|x86.ActiveCfg = Release|Any CPU
		{716C254E-831B-4D4C-8D6A-2F5F82D14ECB}.Release|x86.Build.0 = Release|Any CPU
		{716C254E-831B-4D4C-8D6A-2F5F82D14ECB}.Test|Any CPU.ActiveCfg = Test|Any CPU
		{716C254E-831B-4D4C-8D6A-2F5F82D14ECB}.Test|Any CPU.Build.0 = Test|Any CPU
		{716C254E-831B-4D4C-8D6A-2F5F82D14ECB}.Test|x64.ActiveCfg = Test|Any CPU
		{716C254E-831B-4D4C-8D6A-2F5F82D14ECB}.Test|x64.Build.0 = Test|Any CPU
		{716C254E-831B-4D4C-8D6A-2F5F82D14ECB}.Test|x86.ActiveCfg = Test|Any CPU
		{716C254E-831B-4D4C-8D6A-2F5F82D14ECB}.Test|x86.Build.0 = Test|Any CPU
		{7C94B5F8-AD3D-468C-90A3-D11D5855E1CE}.Alpha|Any CPU.ActiveCfg = Alpha|Any CPU
		{7C94B5F8-AD3D-468C-90A3-D11D5855E1CE}.Alpha|Any CPU.Build.0 = Alpha|Any CPU
		{7C94B5F8-AD3D-468C-90A3-D11D5855E1CE}.Alpha|x64.ActiveCfg = Alpha|Any CPU
		{7C94B5F8-AD3D-468C-90A3-D11D5855E1CE}.Alpha|x64.Build.0 = Alpha|Any CPU
		{7C94B5F8-AD3D-468C-90A3-D11D5855E1CE}.Alpha|x86.ActiveCfg = Alpha|Any CPU
		{7C94B5F8-AD3D-468C-90A3-D11D5855E1CE}.Alpha|x86.Build.0 = Alpha|Any CPU
		{7C94B5F8-AD3D-468C-90A3-D11D5855E1CE}.Beta|Any CPU.ActiveCfg = Beta|Any CPU
		{7C94B5F8-AD3D-468C-90A3-D11D5855E1CE}.Beta|Any CPU.Build.0 = Beta|Any CPU
		{7C94B5F8-AD3D-468C-90A3-D11D5855E1CE}.Beta|x64.ActiveCfg = Beta|Any CPU
		{7C94B5F8-AD3D-468C-90A3-D11D5855E1CE}.Beta|x64.Build.0 = Beta|Any CPU
		{7C94B5F8-AD3D-468C-90A3-D11D5855E1CE}.Beta|x86.ActiveCfg = Beta|Any CPU
		{7C94B5F8-AD3D-468C-90A3-D11D5855E1CE}.Beta|x86.Build.0 = Beta|Any CPU
		{7C94B5F8-AD3D-468C-90A3-D11D5855E1CE}.Debug|Any CPU.ActiveCfg = Debug|Any CPU
		{7C94B5F8-AD3D-468C-90A3-D11D5855E1CE}.Debug|Any CPU.Build.0 = Debug|Any CPU
		{7C94B5F8-AD3D-468C-90A3-D11D5855E1CE}.Debug|x64.ActiveCfg = Debug|Any CPU
		{7C94B5F8-AD3D-468C-90A3-D11D5855E1CE}.Debug|x64.Build.0 = Debug|Any CPU
		{7C94B5F8-AD3D-468C-90A3-D11D5855E1CE}.Debug|x86.ActiveCfg = Debug|Any CPU
		{7C94B5F8-AD3D-468C-90A3-D11D5855E1CE}.Debug|x86.Build.0 = Debug|Any CPU
		{7C94B5F8-AD3D-468C-90A3-D11D5855E1CE}.Experimental|Any CPU.ActiveCfg = Experimental|Any CPU
		{7C94B5F8-AD3D-468C-90A3-D11D5855E1CE}.Experimental|Any CPU.Build.0 = Experimental|Any CPU
		{7C94B5F8-AD3D-468C-90A3-D11D5855E1CE}.Experimental|x64.ActiveCfg = Experimental|Any CPU
		{7C94B5F8-AD3D-468C-90A3-D11D5855E1CE}.Experimental|x64.Build.0 = Experimental|Any CPU
		{7C94B5F8-AD3D-468C-90A3-D11D5855E1CE}.Experimental|x86.ActiveCfg = Experimental|Any CPU
		{7C94B5F8-AD3D-468C-90A3-D11D5855E1CE}.Experimental|x86.Build.0 = Experimental|Any CPU
		{7C94B5F8-AD3D-468C-90A3-D11D5855E1CE}.Preview|Any CPU.ActiveCfg = Preview|Any CPU
		{7C94B5F8-AD3D-468C-90A3-D11D5855E1CE}.Preview|Any CPU.Build.0 = Preview|Any CPU
		{7C94B5F8-AD3D-468C-90A3-D11D5855E1CE}.Preview|x64.ActiveCfg = Preview|Any CPU
		{7C94B5F8-AD3D-468C-90A3-D11D5855E1CE}.Preview|x64.Build.0 = Preview|Any CPU
		{7C94B5F8-AD3D-468C-90A3-D11D5855E1CE}.Preview|x86.ActiveCfg = Preview|Any CPU
		{7C94B5F8-AD3D-468C-90A3-D11D5855E1CE}.Preview|x86.Build.0 = Preview|Any CPU
		{7C94B5F8-AD3D-468C-90A3-D11D5855E1CE}.Release|Any CPU.ActiveCfg = Release|Any CPU
		{7C94B5F8-AD3D-468C-90A3-D11D5855E1CE}.Release|Any CPU.Build.0 = Release|Any CPU
		{7C94B5F8-AD3D-468C-90A3-D11D5855E1CE}.Release|x64.ActiveCfg = Release|Any CPU
		{7C94B5F8-AD3D-468C-90A3-D11D5855E1CE}.Release|x64.Build.0 = Release|Any CPU
		{7C94B5F8-AD3D-468C-90A3-D11D5855E1CE}.Release|x86.ActiveCfg = Release|Any CPU
		{7C94B5F8-AD3D-468C-90A3-D11D5855E1CE}.Release|x86.Build.0 = Release|Any CPU
		{7C94B5F8-AD3D-468C-90A3-D11D5855E1CE}.Test|Any CPU.ActiveCfg = Test|Any CPU
		{7C94B5F8-AD3D-468C-90A3-D11D5855E1CE}.Test|Any CPU.Build.0 = Test|Any CPU
		{7C94B5F8-AD3D-468C-90A3-D11D5855E1CE}.Test|x64.ActiveCfg = Test|Any CPU
		{7C94B5F8-AD3D-468C-90A3-D11D5855E1CE}.Test|x64.Build.0 = Test|Any CPU
		{7C94B5F8-AD3D-468C-90A3-D11D5855E1CE}.Test|x86.ActiveCfg = Test|Any CPU
		{7C94B5F8-AD3D-468C-90A3-D11D5855E1CE}.Test|x86.Build.0 = Test|Any CPU
		{9EA7C0CC-5A90-4B81-A600-6113A3A9A256}.Alpha|Any CPU.ActiveCfg = Alpha|Any CPU
		{9EA7C0CC-5A90-4B81-A600-6113A3A9A256}.Alpha|Any CPU.Build.0 = Alpha|Any CPU
		{9EA7C0CC-5A90-4B81-A600-6113A3A9A256}.Alpha|x64.ActiveCfg = Alpha|Any CPU
		{9EA7C0CC-5A90-4B81-A600-6113A3A9A256}.Alpha|x64.Build.0 = Alpha|Any CPU
		{9EA7C0CC-5A90-4B81-A600-6113A3A9A256}.Alpha|x86.ActiveCfg = Alpha|Any CPU
		{9EA7C0CC-5A90-4B81-A600-6113A3A9A256}.Alpha|x86.Build.0 = Alpha|Any CPU
		{9EA7C0CC-5A90-4B81-A600-6113A3A9A256}.Beta|Any CPU.ActiveCfg = Beta|Any CPU
		{9EA7C0CC-5A90-4B81-A600-6113A3A9A256}.Beta|Any CPU.Build.0 = Beta|Any CPU
		{9EA7C0CC-5A90-4B81-A600-6113A3A9A256}.Beta|x64.ActiveCfg = Beta|Any CPU
		{9EA7C0CC-5A90-4B81-A600-6113A3A9A256}.Beta|x64.Build.0 = Beta|Any CPU
		{9EA7C0CC-5A90-4B81-A600-6113A3A9A256}.Beta|x86.ActiveCfg = Beta|Any CPU
		{9EA7C0CC-5A90-4B81-A600-6113A3A9A256}.Beta|x86.Build.0 = Beta|Any CPU
		{9EA7C0CC-5A90-4B81-A600-6113A3A9A256}.Debug|Any CPU.ActiveCfg = Debug|Any CPU
		{9EA7C0CC-5A90-4B81-A600-6113A3A9A256}.Debug|Any CPU.Build.0 = Debug|Any CPU
		{9EA7C0CC-5A90-4B81-A600-6113A3A9A256}.Debug|x64.ActiveCfg = Debug|Any CPU
		{9EA7C0CC-5A90-4B81-A600-6113A3A9A256}.Debug|x64.Build.0 = Debug|Any CPU
		{9EA7C0CC-5A90-4B81-A600-6113A3A9A256}.Debug|x86.ActiveCfg = Debug|Any CPU
		{9EA7C0CC-5A90-4B81-A600-6113A3A9A256}.Debug|x86.Build.0 = Debug|Any CPU
		{9EA7C0CC-5A90-4B81-A600-6113A3A9A256}.Experimental|Any CPU.ActiveCfg = Experimental|Any CPU
		{9EA7C0CC-5A90-4B81-A600-6113A3A9A256}.Experimental|Any CPU.Build.0 = Experimental|Any CPU
		{9EA7C0CC-5A90-4B81-A600-6113A3A9A256}.Experimental|x64.ActiveCfg = Experimental|Any CPU
		{9EA7C0CC-5A90-4B81-A600-6113A3A9A256}.Experimental|x64.Build.0 = Experimental|Any CPU
		{9EA7C0CC-5A90-4B81-A600-6113A3A9A256}.Experimental|x86.ActiveCfg = Experimental|Any CPU
		{9EA7C0CC-5A90-4B81-A600-6113A3A9A256}.Experimental|x86.Build.0 = Experimental|Any CPU
		{9EA7C0CC-5A90-4B81-A600-6113A3A9A256}.Preview|Any CPU.ActiveCfg = Preview|Any CPU
		{9EA7C0CC-5A90-4B81-A600-6113A3A9A256}.Preview|Any CPU.Build.0 = Preview|Any CPU
		{9EA7C0CC-5A90-4B81-A600-6113A3A9A256}.Preview|x64.ActiveCfg = Preview|Any CPU
		{9EA7C0CC-5A90-4B81-A600-6113A3A9A256}.Preview|x64.Build.0 = Preview|Any CPU
		{9EA7C0CC-5A90-4B81-A600-6113A3A9A256}.Preview|x86.ActiveCfg = Preview|Any CPU
		{9EA7C0CC-5A90-4B81-A600-6113A3A9A256}.Preview|x86.Build.0 = Preview|Any CPU
		{9EA7C0CC-5A90-4B81-A600-6113A3A9A256}.Release|Any CPU.ActiveCfg = Release|Any CPU
		{9EA7C0CC-5A90-4B81-A600-6113A3A9A256}.Release|Any CPU.Build.0 = Release|Any CPU
		{9EA7C0CC-5A90-4B81-A600-6113A3A9A256}.Release|x64.ActiveCfg = Release|Any CPU
		{9EA7C0CC-5A90-4B81-A600-6113A3A9A256}.Release|x64.Build.0 = Release|Any CPU
		{9EA7C0CC-5A90-4B81-A600-6113A3A9A256}.Release|x86.ActiveCfg = Release|Any CPU
		{9EA7C0CC-5A90-4B81-A600-6113A3A9A256}.Release|x86.Build.0 = Release|Any CPU
		{9EA7C0CC-5A90-4B81-A600-6113A3A9A256}.Test|Any CPU.ActiveCfg = Test|Any CPU
		{9EA7C0CC-5A90-4B81-A600-6113A3A9A256}.Test|Any CPU.Build.0 = Test|Any CPU
		{9EA7C0CC-5A90-4B81-A600-6113A3A9A256}.Test|x64.ActiveCfg = Test|Any CPU
		{9EA7C0CC-5A90-4B81-A600-6113A3A9A256}.Test|x64.Build.0 = Test|Any CPU
		{9EA7C0CC-5A90-4B81-A600-6113A3A9A256}.Test|x86.ActiveCfg = Test|Any CPU
		{9EA7C0CC-5A90-4B81-A600-6113A3A9A256}.Test|x86.Build.0 = Test|Any CPU
		{6DD733AD-9F8B-4984-89B3-7624E2E88B80}.Alpha|Any CPU.ActiveCfg = Alpha|Any CPU
		{6DD733AD-9F8B-4984-89B3-7624E2E88B80}.Alpha|Any CPU.Build.0 = Alpha|Any CPU
		{6DD733AD-9F8B-4984-89B3-7624E2E88B80}.Alpha|x64.ActiveCfg = Alpha|Any CPU
		{6DD733AD-9F8B-4984-89B3-7624E2E88B80}.Alpha|x64.Build.0 = Alpha|Any CPU
		{6DD733AD-9F8B-4984-89B3-7624E2E88B80}.Alpha|x86.ActiveCfg = Alpha|Any CPU
		{6DD733AD-9F8B-4984-89B3-7624E2E88B80}.Alpha|x86.Build.0 = Alpha|Any CPU
		{6DD733AD-9F8B-4984-89B3-7624E2E88B80}.Beta|Any CPU.ActiveCfg = Beta|Any CPU
		{6DD733AD-9F8B-4984-89B3-7624E2E88B80}.Beta|Any CPU.Build.0 = Beta|Any CPU
		{6DD733AD-9F8B-4984-89B3-7624E2E88B80}.Beta|x64.ActiveCfg = Beta|Any CPU
		{6DD733AD-9F8B-4984-89B3-7624E2E88B80}.Beta|x64.Build.0 = Beta|Any CPU
		{6DD733AD-9F8B-4984-89B3-7624E2E88B80}.Beta|x86.ActiveCfg = Beta|Any CPU
		{6DD733AD-9F8B-4984-89B3-7624E2E88B80}.Beta|x86.Build.0 = Beta|Any CPU
		{6DD733AD-9F8B-4984-89B3-7624E2E88B80}.Debug|Any CPU.ActiveCfg = Debug|Any CPU
		{6DD733AD-9F8B-4984-89B3-7624E2E88B80}.Debug|Any CPU.Build.0 = Debug|Any CPU
		{6DD733AD-9F8B-4984-89B3-7624E2E88B80}.Debug|x64.ActiveCfg = Debug|Any CPU
		{6DD733AD-9F8B-4984-89B3-7624E2E88B80}.Debug|x64.Build.0 = Debug|Any CPU
		{6DD733AD-9F8B-4984-89B3-7624E2E88B80}.Debug|x86.ActiveCfg = Debug|Any CPU
		{6DD733AD-9F8B-4984-89B3-7624E2E88B80}.Debug|x86.Build.0 = Debug|Any CPU
		{6DD733AD-9F8B-4984-89B3-7624E2E88B80}.Experimental|Any CPU.ActiveCfg = Experimental|Any CPU
		{6DD733AD-9F8B-4984-89B3-7624E2E88B80}.Experimental|Any CPU.Build.0 = Experimental|Any CPU
		{6DD733AD-9F8B-4984-89B3-7624E2E88B80}.Experimental|x64.ActiveCfg = Experimental|Any CPU
		{6DD733AD-9F8B-4984-89B3-7624E2E88B80}.Experimental|x64.Build.0 = Experimental|Any CPU
		{6DD733AD-9F8B-4984-89B3-7624E2E88B80}.Experimental|x86.ActiveCfg = Experimental|Any CPU
		{6DD733AD-9F8B-4984-89B3-7624E2E88B80}.Experimental|x86.Build.0 = Experimental|Any CPU
		{6DD733AD-9F8B-4984-89B3-7624E2E88B80}.Preview|Any CPU.ActiveCfg = Preview|Any CPU
		{6DD733AD-9F8B-4984-89B3-7624E2E88B80}.Preview|Any CPU.Build.0 = Preview|Any CPU
		{6DD733AD-9F8B-4984-89B3-7624E2E88B80}.Preview|x64.ActiveCfg = Preview|Any CPU
		{6DD733AD-9F8B-4984-89B3-7624E2E88B80}.Preview|x64.Build.0 = Preview|Any CPU
		{6DD733AD-9F8B-4984-89B3-7624E2E88B80}.Preview|x86.ActiveCfg = Preview|Any CPU
		{6DD733AD-9F8B-4984-89B3-7624E2E88B80}.Preview|x86.Build.0 = Preview|Any CPU
		{6DD733AD-9F8B-4984-89B3-7624E2E88B80}.Release|Any CPU.ActiveCfg = Release|Any CPU
		{6DD733AD-9F8B-4984-89B3-7624E2E88B80}.Release|Any CPU.Build.0 = Release|Any CPU
		{6DD733AD-9F8B-4984-89B3-7624E2E88B80}.Release|x64.ActiveCfg = Release|Any CPU
		{6DD733AD-9F8B-4984-89B3-7624E2E88B80}.Release|x64.Build.0 = Release|Any CPU
		{6DD733AD-9F8B-4984-89B3-7624E2E88B80}.Release|x86.ActiveCfg = Release|Any CPU
		{6DD733AD-9F8B-4984-89B3-7624E2E88B80}.Release|x86.Build.0 = Release|Any CPU
		{6DD733AD-9F8B-4984-89B3-7624E2E88B80}.Test|Any CPU.ActiveCfg = Test|Any CPU
		{6DD733AD-9F8B-4984-89B3-7624E2E88B80}.Test|Any CPU.Build.0 = Test|Any CPU
		{6DD733AD-9F8B-4984-89B3-7624E2E88B80}.Test|x64.ActiveCfg = Test|Any CPU
		{6DD733AD-9F8B-4984-89B3-7624E2E88B80}.Test|x64.Build.0 = Test|Any CPU
		{6DD733AD-9F8B-4984-89B3-7624E2E88B80}.Test|x86.ActiveCfg = Test|Any CPU
		{6DD733AD-9F8B-4984-89B3-7624E2E88B80}.Test|x86.Build.0 = Test|Any CPU
		{A177AE79-38DC-415E-8EF9-C0CD918B5E13}.Alpha|Any CPU.ActiveCfg = Alpha|Any CPU
		{A177AE79-38DC-415E-8EF9-C0CD918B5E13}.Alpha|Any CPU.Build.0 = Alpha|Any CPU
		{A177AE79-38DC-415E-8EF9-C0CD918B5E13}.Alpha|x64.ActiveCfg = Alpha|Any CPU
		{A177AE79-38DC-415E-8EF9-C0CD918B5E13}.Alpha|x64.Build.0 = Alpha|Any CPU
		{A177AE79-38DC-415E-8EF9-C0CD918B5E13}.Alpha|x86.ActiveCfg = Alpha|Any CPU
		{A177AE79-38DC-415E-8EF9-C0CD918B5E13}.Alpha|x86.Build.0 = Alpha|Any CPU
		{A177AE79-38DC-415E-8EF9-C0CD918B5E13}.Beta|Any CPU.ActiveCfg = Beta|Any CPU
		{A177AE79-38DC-415E-8EF9-C0CD918B5E13}.Beta|Any CPU.Build.0 = Beta|Any CPU
		{A177AE79-38DC-415E-8EF9-C0CD918B5E13}.Beta|x64.ActiveCfg = Beta|Any CPU
		{A177AE79-38DC-415E-8EF9-C0CD918B5E13}.Beta|x64.Build.0 = Beta|Any CPU
		{A177AE79-38DC-415E-8EF9-C0CD918B5E13}.Beta|x86.ActiveCfg = Beta|Any CPU
		{A177AE79-38DC-415E-8EF9-C0CD918B5E13}.Beta|x86.Build.0 = Beta|Any CPU
		{A177AE79-38DC-415E-8EF9-C0CD918B5E13}.Debug|Any CPU.ActiveCfg = Debug|Any CPU
		{A177AE79-38DC-415E-8EF9-C0CD918B5E13}.Debug|Any CPU.Build.0 = Debug|Any CPU
		{A177AE79-38DC-415E-8EF9-C0CD918B5E13}.Debug|x64.ActiveCfg = Debug|Any CPU
		{A177AE79-38DC-415E-8EF9-C0CD918B5E13}.Debug|x64.Build.0 = Debug|Any CPU
		{A177AE79-38DC-415E-8EF9-C0CD918B5E13}.Debug|x86.ActiveCfg = Debug|Any CPU
		{A177AE79-38DC-415E-8EF9-C0CD918B5E13}.Debug|x86.Build.0 = Debug|Any CPU
		{A177AE79-38DC-415E-8EF9-C0CD918B5E13}.Experimental|Any CPU.ActiveCfg = Experimental|Any CPU
		{A177AE79-38DC-415E-8EF9-C0CD918B5E13}.Experimental|Any CPU.Build.0 = Experimental|Any CPU
		{A177AE79-38DC-415E-8EF9-C0CD918B5E13}.Experimental|x64.ActiveCfg = Experimental|Any CPU
		{A177AE79-38DC-415E-8EF9-C0CD918B5E13}.Experimental|x64.Build.0 = Experimental|Any CPU
		{A177AE79-38DC-415E-8EF9-C0CD918B5E13}.Experimental|x86.ActiveCfg = Experimental|Any CPU
		{A177AE79-38DC-415E-8EF9-C0CD918B5E13}.Experimental|x86.Build.0 = Experimental|Any CPU
		{A177AE79-38DC-415E-8EF9-C0CD918B5E13}.Preview|Any CPU.ActiveCfg = Preview|Any CPU
		{A177AE79-38DC-415E-8EF9-C0CD918B5E13}.Preview|Any CPU.Build.0 = Preview|Any CPU
		{A177AE79-38DC-415E-8EF9-C0CD918B5E13}.Preview|x64.ActiveCfg = Preview|Any CPU
		{A177AE79-38DC-415E-8EF9-C0CD918B5E13}.Preview|x64.Build.0 = Preview|Any CPU
		{A177AE79-38DC-415E-8EF9-C0CD918B5E13}.Preview|x86.ActiveCfg = Preview|Any CPU
		{A177AE79-38DC-415E-8EF9-C0CD918B5E13}.Preview|x86.Build.0 = Preview|Any CPU
		{A177AE79-38DC-415E-8EF9-C0CD918B5E13}.Release|Any CPU.ActiveCfg = Release|Any CPU
		{A177AE79-38DC-415E-8EF9-C0CD918B5E13}.Release|Any CPU.Build.0 = Release|Any CPU
		{A177AE79-38DC-415E-8EF9-C0CD918B5E13}.Release|x64.ActiveCfg = Release|Any CPU
		{A177AE79-38DC-415E-8EF9-C0CD918B5E13}.Release|x64.Build.0 = Release|Any CPU
		{A177AE79-38DC-415E-8EF9-C0CD918B5E13}.Release|x86.ActiveCfg = Release|Any CPU
		{A177AE79-38DC-415E-8EF9-C0CD918B5E13}.Release|x86.Build.0 = Release|Any CPU
		{A177AE79-38DC-415E-8EF9-C0CD918B5E13}.Test|Any CPU.ActiveCfg = Test|Any CPU
		{A177AE79-38DC-415E-8EF9-C0CD918B5E13}.Test|Any CPU.Build.0 = Test|Any CPU
		{A177AE79-38DC-415E-8EF9-C0CD918B5E13}.Test|x64.ActiveCfg = Test|Any CPU
		{A177AE79-38DC-415E-8EF9-C0CD918B5E13}.Test|x64.Build.0 = Test|Any CPU
		{A177AE79-38DC-415E-8EF9-C0CD918B5E13}.Test|x86.ActiveCfg = Test|Any CPU
		{A177AE79-38DC-415E-8EF9-C0CD918B5E13}.Test|x86.Build.0 = Test|Any CPU
		{541E33A8-956F-4651-A628-707F2A59E106}.Alpha|Any CPU.ActiveCfg = Alpha|Any CPU
		{541E33A8-956F-4651-A628-707F2A59E106}.Alpha|Any CPU.Build.0 = Alpha|Any CPU
		{541E33A8-956F-4651-A628-707F2A59E106}.Alpha|x64.ActiveCfg = Alpha|Any CPU
		{541E33A8-956F-4651-A628-707F2A59E106}.Alpha|x64.Build.0 = Alpha|Any CPU
		{541E33A8-956F-4651-A628-707F2A59E106}.Alpha|x86.ActiveCfg = Alpha|Any CPU
		{541E33A8-956F-4651-A628-707F2A59E106}.Alpha|x86.Build.0 = Alpha|Any CPU
		{541E33A8-956F-4651-A628-707F2A59E106}.Beta|Any CPU.ActiveCfg = Beta|Any CPU
		{541E33A8-956F-4651-A628-707F2A59E106}.Beta|Any CPU.Build.0 = Beta|Any CPU
		{541E33A8-956F-4651-A628-707F2A59E106}.Beta|x64.ActiveCfg = Beta|Any CPU
		{541E33A8-956F-4651-A628-707F2A59E106}.Beta|x64.Build.0 = Beta|Any CPU
		{541E33A8-956F-4651-A628-707F2A59E106}.Beta|x86.ActiveCfg = Beta|Any CPU
		{541E33A8-956F-4651-A628-707F2A59E106}.Beta|x86.Build.0 = Beta|Any CPU
		{541E33A8-956F-4651-A628-707F2A59E106}.Debug|Any CPU.ActiveCfg = Debug|Any CPU
		{541E33A8-956F-4651-A628-707F2A59E106}.Debug|Any CPU.Build.0 = Debug|Any CPU
		{541E33A8-956F-4651-A628-707F2A59E106}.Debug|x64.ActiveCfg = Debug|Any CPU
		{541E33A8-956F-4651-A628-707F2A59E106}.Debug|x64.Build.0 = Debug|Any CPU
		{541E33A8-956F-4651-A628-707F2A59E106}.Debug|x86.ActiveCfg = Debug|Any CPU
		{541E33A8-956F-4651-A628-707F2A59E106}.Debug|x86.Build.0 = Debug|Any CPU
		{541E33A8-956F-4651-A628-707F2A59E106}.Experimental|Any CPU.ActiveCfg = Experimental|Any CPU
		{541E33A8-956F-4651-A628-707F2A59E106}.Experimental|Any CPU.Build.0 = Experimental|Any CPU
		{541E33A8-956F-4651-A628-707F2A59E106}.Experimental|x64.ActiveCfg = Experimental|Any CPU
		{541E33A8-956F-4651-A628-707F2A59E106}.Experimental|x64.Build.0 = Experimental|Any CPU
		{541E33A8-956F-4651-A628-707F2A59E106}.Experimental|x86.ActiveCfg = Experimental|Any CPU
		{541E33A8-956F-4651-A628-707F2A59E106}.Experimental|x86.Build.0 = Experimental|Any CPU
		{541E33A8-956F-4651-A628-707F2A59E106}.Preview|Any CPU.ActiveCfg = Preview|Any CPU
		{541E33A8-956F-4651-A628-707F2A59E106}.Preview|Any CPU.Build.0 = Preview|Any CPU
		{541E33A8-956F-4651-A628-707F2A59E106}.Preview|x64.ActiveCfg = Preview|Any CPU
		{541E33A8-956F-4651-A628-707F2A59E106}.Preview|x64.Build.0 = Preview|Any CPU
		{541E33A8-956F-4651-A628-707F2A59E106}.Preview|x86.ActiveCfg = Preview|Any CPU
		{541E33A8-956F-4651-A628-707F2A59E106}.Preview|x86.Build.0 = Preview|Any CPU
		{541E33A8-956F-4651-A628-707F2A59E106}.Release|Any CPU.ActiveCfg = Release|Any CPU
		{541E33A8-956F-4651-A628-707F2A59E106}.Release|Any CPU.Build.0 = Release|Any CPU
		{541E33A8-956F-4651-A628-707F2A59E106}.Release|x64.ActiveCfg = Release|Any CPU
		{541E33A8-956F-4651-A628-707F2A59E106}.Release|x64.Build.0 = Release|Any CPU
		{541E33A8-956F-4651-A628-707F2A59E106}.Release|x86.ActiveCfg = Release|Any CPU
		{541E33A8-956F-4651-A628-707F2A59E106}.Release|x86.Build.0 = Release|Any CPU
		{541E33A8-956F-4651-A628-707F2A59E106}.Test|Any CPU.ActiveCfg = Test|Any CPU
		{541E33A8-956F-4651-A628-707F2A59E106}.Test|Any CPU.Build.0 = Test|Any CPU
		{541E33A8-956F-4651-A628-707F2A59E106}.Test|x64.ActiveCfg = Test|Any CPU
		{541E33A8-956F-4651-A628-707F2A59E106}.Test|x64.Build.0 = Test|Any CPU
		{541E33A8-956F-4651-A628-707F2A59E106}.Test|x86.ActiveCfg = Test|Any CPU
		{541E33A8-956F-4651-A628-707F2A59E106}.Test|x86.Build.0 = Test|Any CPU
		{A81E9EF1-9C8B-4959-A11E-43291A77F039}.Alpha|Any CPU.ActiveCfg = Alpha|Any CPU
		{A81E9EF1-9C8B-4959-A11E-43291A77F039}.Alpha|Any CPU.Build.0 = Alpha|Any CPU
		{A81E9EF1-9C8B-4959-A11E-43291A77F039}.Alpha|x64.ActiveCfg = Alpha|Any CPU
		{A81E9EF1-9C8B-4959-A11E-43291A77F039}.Alpha|x64.Build.0 = Alpha|Any CPU
		{A81E9EF1-9C8B-4959-A11E-43291A77F039}.Alpha|x86.ActiveCfg = Alpha|Any CPU
		{A81E9EF1-9C8B-4959-A11E-43291A77F039}.Alpha|x86.Build.0 = Alpha|Any CPU
		{A81E9EF1-9C8B-4959-A11E-43291A77F039}.Beta|Any CPU.ActiveCfg = Beta|Any CPU
		{A81E9EF1-9C8B-4959-A11E-43291A77F039}.Beta|Any CPU.Build.0 = Beta|Any CPU
		{A81E9EF1-9C8B-4959-A11E-43291A77F039}.Beta|x64.ActiveCfg = Beta|Any CPU
		{A81E9EF1-9C8B-4959-A11E-43291A77F039}.Beta|x64.Build.0 = Beta|Any CPU
		{A81E9EF1-9C8B-4959-A11E-43291A77F039}.Beta|x86.ActiveCfg = Beta|Any CPU
		{A81E9EF1-9C8B-4959-A11E-43291A77F039}.Beta|x86.Build.0 = Beta|Any CPU
		{A81E9EF1-9C8B-4959-A11E-43291A77F039}.Debug|Any CPU.ActiveCfg = Debug|Any CPU
		{A81E9EF1-9C8B-4959-A11E-43291A77F039}.Debug|Any CPU.Build.0 = Debug|Any CPU
		{A81E9EF1-9C8B-4959-A11E-43291A77F039}.Debug|x64.ActiveCfg = Debug|Any CPU
		{A81E9EF1-9C8B-4959-A11E-43291A77F039}.Debug|x64.Build.0 = Debug|Any CPU
		{A81E9EF1-9C8B-4959-A11E-43291A77F039}.Debug|x86.ActiveCfg = Debug|Any CPU
		{A81E9EF1-9C8B-4959-A11E-43291A77F039}.Debug|x86.Build.0 = Debug|Any CPU
		{A81E9EF1-9C8B-4959-A11E-43291A77F039}.Experimental|Any CPU.ActiveCfg = Experimental|Any CPU
		{A81E9EF1-9C8B-4959-A11E-43291A77F039}.Experimental|Any CPU.Build.0 = Experimental|Any CPU
		{A81E9EF1-9C8B-4959-A11E-43291A77F039}.Experimental|x64.ActiveCfg = Experimental|Any CPU
		{A81E9EF1-9C8B-4959-A11E-43291A77F039}.Experimental|x64.Build.0 = Experimental|Any CPU
		{A81E9EF1-9C8B-4959-A11E-43291A77F039}.Experimental|x86.ActiveCfg = Experimental|Any CPU
		{A81E9EF1-9C8B-4959-A11E-43291A77F039}.Experimental|x86.Build.0 = Experimental|Any CPU
		{A81E9EF1-9C8B-4959-A11E-43291A77F039}.Preview|Any CPU.ActiveCfg = Preview|Any CPU
		{A81E9EF1-9C8B-4959-A11E-43291A77F039}.Preview|Any CPU.Build.0 = Preview|Any CPU
		{A81E9EF1-9C8B-4959-A11E-43291A77F039}.Preview|x64.ActiveCfg = Preview|Any CPU
		{A81E9EF1-9C8B-4959-A11E-43291A77F039}.Preview|x64.Build.0 = Preview|Any CPU
		{A81E9EF1-9C8B-4959-A11E-43291A77F039}.Preview|x86.ActiveCfg = Preview|Any CPU
		{A81E9EF1-9C8B-4959-A11E-43291A77F039}.Preview|x86.Build.0 = Preview|Any CPU
		{A81E9EF1-9C8B-4959-A11E-43291A77F039}.Release|Any CPU.ActiveCfg = Release|Any CPU
		{A81E9EF1-9C8B-4959-A11E-43291A77F039}.Release|Any CPU.Build.0 = Release|Any CPU
		{A81E9EF1-9C8B-4959-A11E-43291A77F039}.Release|x64.ActiveCfg = Release|Any CPU
		{A81E9EF1-9C8B-4959-A11E-43291A77F039}.Release|x64.Build.0 = Release|Any CPU
		{A81E9EF1-9C8B-4959-A11E-43291A77F039}.Release|x86.ActiveCfg = Release|Any CPU
		{A81E9EF1-9C8B-4959-A11E-43291A77F039}.Release|x86.Build.0 = Release|Any CPU
		{A81E9EF1-9C8B-4959-A11E-43291A77F039}.Test|Any CPU.ActiveCfg = Test|Any CPU
		{A81E9EF1-9C8B-4959-A11E-43291A77F039}.Test|Any CPU.Build.0 = Test|Any CPU
		{A81E9EF1-9C8B-4959-A11E-43291A77F039}.Test|x64.ActiveCfg = Test|Any CPU
		{A81E9EF1-9C8B-4959-A11E-43291A77F039}.Test|x64.Build.0 = Test|Any CPU
		{A81E9EF1-9C8B-4959-A11E-43291A77F039}.Test|x86.ActiveCfg = Test|Any CPU
		{A81E9EF1-9C8B-4959-A11E-43291A77F039}.Test|x86.Build.0 = Test|Any CPU
		{2DB9497D-F402-4079-B485-7872B7F9E93B}.Alpha|Any CPU.ActiveCfg = Alpha|Any CPU
		{2DB9497D-F402-4079-B485-7872B7F9E93B}.Alpha|Any CPU.Build.0 = Alpha|Any CPU
		{2DB9497D-F402-4079-B485-7872B7F9E93B}.Alpha|x64.ActiveCfg = Alpha|Any CPU
		{2DB9497D-F402-4079-B485-7872B7F9E93B}.Alpha|x64.Build.0 = Alpha|Any CPU
		{2DB9497D-F402-4079-B485-7872B7F9E93B}.Alpha|x86.ActiveCfg = Alpha|Any CPU
		{2DB9497D-F402-4079-B485-7872B7F9E93B}.Alpha|x86.Build.0 = Alpha|Any CPU
		{2DB9497D-F402-4079-B485-7872B7F9E93B}.Beta|Any CPU.ActiveCfg = Beta|Any CPU
		{2DB9497D-F402-4079-B485-7872B7F9E93B}.Beta|Any CPU.Build.0 = Beta|Any CPU
		{2DB9497D-F402-4079-B485-7872B7F9E93B}.Beta|x64.ActiveCfg = Beta|Any CPU
		{2DB9497D-F402-4079-B485-7872B7F9E93B}.Beta|x64.Build.0 = Beta|Any CPU
		{2DB9497D-F402-4079-B485-7872B7F9E93B}.Beta|x86.ActiveCfg = Beta|Any CPU
		{2DB9497D-F402-4079-B485-7872B7F9E93B}.Beta|x86.Build.0 = Beta|Any CPU
		{2DB9497D-F402-4079-B485-7872B7F9E93B}.Debug|Any CPU.ActiveCfg = Debug|Any CPU
		{2DB9497D-F402-4079-B485-7872B7F9E93B}.Debug|Any CPU.Build.0 = Debug|Any CPU
		{2DB9497D-F402-4079-B485-7872B7F9E93B}.Debug|x64.ActiveCfg = Debug|Any CPU
		{2DB9497D-F402-4079-B485-7872B7F9E93B}.Debug|x64.Build.0 = Debug|Any CPU
		{2DB9497D-F402-4079-B485-7872B7F9E93B}.Debug|x86.ActiveCfg = Debug|Any CPU
		{2DB9497D-F402-4079-B485-7872B7F9E93B}.Debug|x86.Build.0 = Debug|Any CPU
		{2DB9497D-F402-4079-B485-7872B7F9E93B}.Experimental|Any CPU.ActiveCfg = Experimental|Any CPU
		{2DB9497D-F402-4079-B485-7872B7F9E93B}.Experimental|Any CPU.Build.0 = Experimental|Any CPU
		{2DB9497D-F402-4079-B485-7872B7F9E93B}.Experimental|x64.ActiveCfg = Experimental|Any CPU
		{2DB9497D-F402-4079-B485-7872B7F9E93B}.Experimental|x64.Build.0 = Experimental|Any CPU
		{2DB9497D-F402-4079-B485-7872B7F9E93B}.Experimental|x86.ActiveCfg = Experimental|Any CPU
		{2DB9497D-F402-4079-B485-7872B7F9E93B}.Experimental|x86.Build.0 = Experimental|Any CPU
		{2DB9497D-F402-4079-B485-7872B7F9E93B}.Preview|Any CPU.ActiveCfg = Preview|Any CPU
		{2DB9497D-F402-4079-B485-7872B7F9E93B}.Preview|Any CPU.Build.0 = Preview|Any CPU
		{2DB9497D-F402-4079-B485-7872B7F9E93B}.Preview|x64.ActiveCfg = Preview|Any CPU
		{2DB9497D-F402-4079-B485-7872B7F9E93B}.Preview|x64.Build.0 = Preview|Any CPU
		{2DB9497D-F402-4079-B485-7872B7F9E93B}.Preview|x86.ActiveCfg = Preview|Any CPU
		{2DB9497D-F402-4079-B485-7872B7F9E93B}.Preview|x86.Build.0 = Preview|Any CPU
		{2DB9497D-F402-4079-B485-7872B7F9E93B}.Release|Any CPU.ActiveCfg = Release|Any CPU
		{2DB9497D-F402-4079-B485-7872B7F9E93B}.Release|Any CPU.Build.0 = Release|Any CPU
		{2DB9497D-F402-4079-B485-7872B7F9E93B}.Release|x64.ActiveCfg = Release|Any CPU
		{2DB9497D-F402-4079-B485-7872B7F9E93B}.Release|x64.Build.0 = Release|Any CPU
		{2DB9497D-F402-4079-B485-7872B7F9E93B}.Release|x86.ActiveCfg = Release|Any CPU
		{2DB9497D-F402-4079-B485-7872B7F9E93B}.Release|x86.Build.0 = Release|Any CPU
		{2DB9497D-F402-4079-B485-7872B7F9E93B}.Test|Any CPU.ActiveCfg = Test|Any CPU
		{2DB9497D-F402-4079-B485-7872B7F9E93B}.Test|Any CPU.Build.0 = Test|Any CPU
		{2DB9497D-F402-4079-B485-7872B7F9E93B}.Test|x64.ActiveCfg = Test|Any CPU
		{2DB9497D-F402-4079-B485-7872B7F9E93B}.Test|x64.Build.0 = Test|Any CPU
		{2DB9497D-F402-4079-B485-7872B7F9E93B}.Test|x86.ActiveCfg = Test|Any CPU
		{2DB9497D-F402-4079-B485-7872B7F9E93B}.Test|x86.Build.0 = Test|Any CPU
	EndGlobalSection
	GlobalSection(SolutionProperties) = preSolution
		HideSolutionNode = FALSE
	EndGlobalSection
	GlobalSection(NestedProjects) = preSolution
		{E93CA02C-B289-4DA3-8B41-E6EB1080C206} = {827E0CD3-B72D-47B6-A68D-7590B98EB39B}
		{716C254E-831B-4D4C-8D6A-2F5F82D14ECB} = {827E0CD3-B72D-47B6-A68D-7590B98EB39B}
		{7C94B5F8-AD3D-468C-90A3-D11D5855E1CE} = {827E0CD3-B72D-47B6-A68D-7590B98EB39B}
		{9EA7C0CC-5A90-4B81-A600-6113A3A9A256} = {827E0CD3-B72D-47B6-A68D-7590B98EB39B}
		{6DD733AD-9F8B-4984-89B3-7624E2E88B80} = {827E0CD3-B72D-47B6-A68D-7590B98EB39B}
		{A177AE79-38DC-415E-8EF9-C0CD918B5E13} = {827E0CD3-B72D-47B6-A68D-7590B98EB39B}
		{541E33A8-956F-4651-A628-707F2A59E106} = {827E0CD3-B72D-47B6-A68D-7590B98EB39B}
		{A81E9EF1-9C8B-4959-A11E-43291A77F039} = {827E0CD3-B72D-47B6-A68D-7590B98EB39B}
		{2DB9497D-F402-4079-B485-7872B7F9E93B} = {827E0CD3-B72D-47B6-A68D-7590B98EB39B}
	EndGlobalSection
	GlobalSection(ExtensibilityGlobals) = postSolution
		SolutionGuid = {CAE45157-2C07-4FE0-B693-6448888211D8}
	EndGlobalSection
EndGlobal
